PODS:
  - KeychainSwift (20.0.0)
  - SideMenu (6.5.0)

DEPENDENCIES:
  - KeychainSwift
  - SideMenu

SPEC REPOS:
  trunk:
    - KeychainSwift
    - SideMenu

SPEC CHECKSUMS:
  KeychainSwift: 0ce6a4d13f7228054d1a71bb1b500448fb2ab837
  SideMenu: f583187d21c5b1dd04c72002be544b555a2627a2

PODFILE CHECKSUM: e71e9e0763726cf7fa185f5223e93ec4cbdf8dbe

COCOAPODS: 1.11.3
